
Microsoft Visual Studio Solution File, Format Version 12.00
# Visual Studio Version 17
VisualStudioVersion = 17.0.31919.166
MinimumVisualStudioVersion = 10.0.40219.1
Project("{2150E333-8FDC-42A3-9474-1A3956D46DE8}") = "Presentation", "Presentation", "{C49F2B9B-3F68-4FBB-B289-7CA042525A4B}"
EndProject
Project("{9A19103F-16F7-4668-BE54-9A1E7A4F7556}") = "CurenncyExchange.MVC", "Presentation\CurenncyExchange.MVC\CurenncyExchange.MVC.csproj", "{11BF05A7-1BA8-4EB2-8002-FA50935719B5}"
EndProject
Project("{2150E333-8FDC-42A3-9474-1A3956D46DE8}") = "Domain", "Domain", "{E92CA26A-FDF7-49DB-83F2-30273D332FAE}"
EndProject
Project("{2150E333-8FDC-42A3-9474-1A3956D46DE8}") = "Microservices", "Microservices", "{D9D4253A-8C40-4171-95AB-6A4DDEE028FF}"
EndProject
Project("{2150E333-8FDC-42A3-9474-1A3956D46DE8}") = "transaction", "transaction", "{BA9FFA8F-60E5-45AC-AE98-6A189DCF7F93}"
EndProject
Project("{2150E333-8FDC-42A3-9474-1A3956D46DE8}") = "web.api", "web.api", "{2CA3F045-5734-4413-999D-A7C293C1FF8C}"
EndProject
Project("{2150E333-8FDC-42A3-9474-1A3956D46DE8}") = "notification", "notification", "{1698D77A-1A2C-4D5C-A233-DE07FC3EAC6A}"
EndProject
Project("{2150E333-8FDC-42A3-9474-1A3956D46DE8}") = "web.api", "web.api", "{6A8BC5BA-B505-4E15-9749-4C7361A9FD18}"
EndProject
Project("{2150E333-8FDC-42A3-9474-1A3956D46DE8}") = "tracing", "tracing", "{EAF2BF7E-994A-450B-A582-F805C2487102}"
EndProject
Project("{2150E333-8FDC-42A3-9474-1A3956D46DE8}") = "web.api", "web.api", "{DD61EA93-8BFC-48D9-8E6A-B572F4CA9CD5}"
EndProject
Project("{2150E333-8FDC-42A3-9474-1A3956D46DE8}") = "infrastructure", "infrastructure", "{D316D8FC-45B0-48B1-9C37-FF6C441C1FE3}"
EndProject
Project("{2150E333-8FDC-42A3-9474-1A3956D46DE8}") = "infrastructure", "infrastructure", "{E360B690-217A-40D9-B345-63B06D1D82A1}"
EndProject
Project("{2150E333-8FDC-42A3-9474-1A3956D46DE8}") = "application", "application", "{5F4A640D-7595-4EBF-88A6-5007E6D54D19}"
EndProject
Project("{2150E333-8FDC-42A3-9474-1A3956D46DE8}") = "domain", "domain", "{AF429945-FBC5-40A4-B90B-E7E156F24B40}"
EndProject
Project("{2150E333-8FDC-42A3-9474-1A3956D46DE8}") = "domain", "domain", "{F2ECC04D-D601-4D24-9CB9-AA0C9558F06B}"
EndProject
Project("{2150E333-8FDC-42A3-9474-1A3956D46DE8}") = "domain", "domain", "{ACF5FD99-7C1F-4780-86C0-B709E1F8C09F}"
EndProject
Project("{9A19103F-16F7-4668-BE54-9A1E7A4F7556}") = "CurenncyExchange.Core", "Domain\CurenncyExchange.Core\CurenncyExchange.Core.csproj", "{0738B9E5-7D6A-481E-9951-FC250227C9D9}"
EndProject
Project("{9A19103F-16F7-4668-BE54-9A1E7A4F7556}") = "CurenncyExchange.Transactions.Web.Api", "Microservices\transaction\web.api\CurenncyExchange.Transactions.Web.Api\CurenncyExchange.Transactions.Web.Api.csproj", "{6FCDB885-2E40-437F-BAF3-B404DA4717AB}"
EndProject
Project("{9A19103F-16F7-4668-BE54-9A1E7A4F7556}") = "CurenncyExchange.TransactionCore", "Microservices\transaction\domain\CurenncyExchange.Core\CurenncyExchange.TransactionCore.csproj", "{7F9FC55B-14E6-4053-B632-C76C099C1D6A}"
EndProject
Project("{9A19103F-16F7-4668-BE54-9A1E7A4F7556}") = "CurenncyExchange.Data", "Microservices\transaction\infrastructure\CurenncyExchange.Data\CurenncyExchange.Data.csproj", "{A8F3A7CD-8B77-43C9-A5A6-916CA63BFD96}"
EndProject
Project("{2150E333-8FDC-42A3-9474-1A3956D46DE8}") = "application", "application", "{49AC722B-D598-4485-BC94-417302790064}"
EndProject
Project("{9A19103F-16F7-4668-BE54-9A1E7A4F7556}") = "CurenncyExchange.App", "Microservices\transaction\application\CurenncyExchange.App\CurenncyExchange.App.csproj", "{3B5C0C96-36C3-4909-9EFB-64E05A56C58D}"
EndProject
Project("{9A19103F-16F7-4668-BE54-9A1E7A4F7556}") = "CurenncyExchange.Notifications.Web.Api", "Microservices\notification\web.api\CurenncyExchange.Notifications.Web.Api\CurenncyExchange.Notifications.Web.Api.csproj", "{CDE19215-E673-4157-9BB0-82F3FFECFD6B}"
EndProject
Project("{9A19103F-16F7-4668-BE54-9A1E7A4F7556}") = "CurenncyExchange.Notifications.App", "Microservices\notification\aplication\CurenncyExchange.Notifications.App\CurenncyExchange.Notifications.App.csproj", "{C7B7AB15-24B8-4D3D-BA3A-17DE4C1A44A2}"
EndProject
Project("{2150E333-8FDC-42A3-9474-1A3956D46DE8}") = "application", "application", "{64EDA21A-92B1-480D-AB99-4A31BD2056EB}"
EndProject
Project("{9A19103F-16F7-4668-BE54-9A1E7A4F7556}") = "CurenncyExchange.Tracing.App", "Microservices\tracing\application\CurenncyExchange.Tracing.App\CurenncyExchange.Tracing.App.csproj", "{D03D0371-E22E-479C-908D-A2F017A454A1}"
EndProject
Project("{2150E333-8FDC-42A3-9474-1A3956D46DE8}") = "infrastructure", "infrastructure", "{7906A9AC-AE81-4500-9BFA-39DE89538A9B}"
EndProject
Project("{2150E333-8FDC-42A3-9474-1A3956D46DE8}") = "micrsoervices", "micrsoervices", "{CDEF3294-6523-4110-B713-1D0591ED4C37}"
EndProject
Project("{9A19103F-16F7-4668-BE54-9A1E7A4F7556}") = "CurenncyExchange.Notifications.Email", "MIcroservices\notification\microservices\CurenncyExchange.Notifications.Email\CurenncyExchange.Notifications.Email.csproj", "{78CDC0CC-C8B9-4AB4-8D59-9B737FBA157F}"
EndProject
Project("{2150E333-8FDC-42A3-9474-1A3956D46DE8}") = "microservices", "microservices", "{A2EC5F78-E305-4795-9223-634D2722BA8A}"
EndProject
Project("{9A19103F-16F7-4668-BE54-9A1E7A4F7556}") = "CurenncyExchange.Tracing.Succes", "Microservices\tracing\microservices\CurenncyExchange.Tracing.Succes\CurenncyExchange.Tracing.Succes.csproj", "{41FE6899-7408-424E-9D6B-4DED06FC0E40}"
EndProject
Project("{9A19103F-16F7-4668-BE54-9A1E7A4F7556}") = "CurenncyExchange.Notifications.Sms", "Microservices\notification\microservices\CurenncyExchange.Notifications.Sms\CurenncyExchange.Notifications.Sms.csproj", "{326CF9CF-7AAF-4D7E-8DB7-B0940462F337}"
EndProject
Project("{FAE04EC0-301F-11D3-BF4B-00C04F79EFBC}") = "CurenncyExchange.Tracings.Web.Api", "Microservices\tracing\web.api\CurenncyExchange.Tracings.Web.Api\CurenncyExchange.Tracings.Web.Api.csproj", "{9BF3C875-4576-4C0E-BB1C-D6B845900BC3}"
EndProject
Global
	GlobalSection(SolutionConfigurationPlatforms) = preSolution
		Debug|Any CPU = Debug|Any CPU
		Release|Any CPU = Release|Any CPU
	EndGlobalSection
	GlobalSection(ProjectConfigurationPlatforms) = postSolution
		{11BF05A7-1BA8-4EB2-8002-FA50935719B5}.Debug|Any CPU.ActiveCfg = Debug|Any CPU
		{11BF05A7-1BA8-4EB2-8002-FA50935719B5}.Debug|Any CPU.Build.0 = Debug|Any CPU
		{11BF05A7-1BA8-4EB2-8002-FA50935719B5}.Release|Any CPU.ActiveCfg = Release|Any CPU
		{11BF05A7-1BA8-4EB2-8002-FA50935719B5}.Release|Any CPU.Build.0 = Release|Any CPU
		{0738B9E5-7D6A-481E-9951-FC250227C9D9}.Debug|Any CPU.ActiveCfg = Debug|Any CPU
		{0738B9E5-7D6A-481E-9951-FC250227C9D9}.Debug|Any CPU.Build.0 = Debug|Any CPU
		{0738B9E5-7D6A-481E-9951-FC250227C9D9}.Release|Any CPU.ActiveCfg = Release|Any CPU
		{0738B9E5-7D6A-481E-9951-FC250227C9D9}.Release|Any CPU.Build.0 = Release|Any CPU
		{6FCDB885-2E40-437F-BAF3-B404DA4717AB}.Debug|Any CPU.ActiveCfg = Debug|Any CPU
		{6FCDB885-2E40-437F-BAF3-B404DA4717AB}.Debug|Any CPU.Build.0 = Debug|Any CPU
		{6FCDB885-2E40-437F-BAF3-B404DA4717AB}.Release|Any CPU.ActiveCfg = Release|Any CPU
		{6FCDB885-2E40-437F-BAF3-B404DA4717AB}.Release|Any CPU.Build.0 = Release|Any CPU
		{7F9FC55B-14E6-4053-B632-C76C099C1D6A}.Debug|Any CPU.ActiveCfg = Debug|Any CPU
		{7F9FC55B-14E6-4053-B632-C76C099C1D6A}.Debug|Any CPU.Build.0 = Debug|Any CPU
		{7F9FC55B-14E6-4053-B632-C76C099C1D6A}.Release|Any CPU.ActiveCfg = Release|Any CPU
		{7F9FC55B-14E6-4053-B632-C76C099C1D6A}.Release|Any CPU.Build.0 = Release|Any CPU
		{A8F3A7CD-8B77-43C9-A5A6-916CA63BFD96}.Debug|Any CPU.ActiveCfg = Debug|Any CPU
		{A8F3A7CD-8B77-43C9-A5A6-916CA63BFD96}.Debug|Any CPU.Build.0 = Debug|Any CPU
		{A8F3A7CD-8B77-43C9-A5A6-916CA63BFD96}.Release|Any CPU.ActiveCfg = Release|Any CPU
		{A8F3A7CD-8B77-43C9-A5A6-916CA63BFD96}.Release|Any CPU.Build.0 = Release|Any CPU
		{3B5C0C96-36C3-4909-9EFB-64E05A56C58D}.Debug|Any CPU.ActiveCfg = Debug|Any CPU
		{3B5C0C96-36C3-4909-9EFB-64E05A56C58D}.Debug|Any CPU.Build.0 = Debug|Any CPU
		{3B5C0C96-36C3-4909-9EFB-64E05A56C58D}.Release|Any CPU.ActiveCfg = Release|Any CPU
		{3B5C0C96-36C3-4909-9EFB-64E05A56C58D}.Release|Any CPU.Build.0 = Release|Any CPU
		{CDE19215-E673-4157-9BB0-82F3FFECFD6B}.Debug|Any CPU.ActiveCfg = Debug|Any CPU
		{CDE19215-E673-4157-9BB0-82F3FFECFD6B}.Debug|Any CPU.Build.0 = Debug|Any CPU
		{CDE19215-E673-4157-9BB0-82F3FFECFD6B}.Release|Any CPU.ActiveCfg = Release|Any CPU
		{CDE19215-E673-4157-9BB0-82F3FFECFD6B}.Release|Any CPU.Build.0 = Release|Any CPU
		{C7B7AB15-24B8-4D3D-BA3A-17DE4C1A44A2}.Debug|Any CPU.ActiveCfg = Debug|Any CPU
		{C7B7AB15-24B8-4D3D-BA3A-17DE4C1A44A2}.Debug|Any CPU.Build.0 = Debug|Any CPU
		{C7B7AB15-24B8-4D3D-BA3A-17DE4C1A44A2}.Release|Any CPU.ActiveCfg = Release|Any CPU
		{C7B7AB15-24B8-4D3D-BA3A-17DE4C1A44A2}.Release|Any CPU.Build.0 = Release|Any CPU
		{D03D0371-E22E-479C-908D-A2F017A454A1}.Debug|Any CPU.ActiveCfg = Debug|Any CPU
		{D03D0371-E22E-479C-908D-A2F017A454A1}.Debug|Any CPU.Build.0 = Debug|Any CPU
		{D03D0371-E22E-479C-908D-A2F017A454A1}.Release|Any CPU.ActiveCfg = Release|Any CPU
		{D03D0371-E22E-479C-908D-A2F017A454A1}.Release|Any CPU.Build.0 = Release|Any CPU
		{78CDC0CC-C8B9-4AB4-8D59-9B737FBA157F}.Debug|Any CPU.ActiveCfg = Debug|Any CPU
		{78CDC0CC-C8B9-4AB4-8D59-9B737FBA157F}.Debug|Any CPU.Build.0 = Debug|Any CPU
		{78CDC0CC-C8B9-4AB4-8D59-9B737FBA157F}.Release|Any CPU.ActiveCfg = Release|Any CPU
		{78CDC0CC-C8B9-4AB4-8D59-9B737FBA157F}.Release|Any CPU.Build.0 = Release|Any CPU
		{41FE6899-7408-424E-9D6B-4DED06FC0E40}.Debug|Any CPU.ActiveCfg = Debug|Any CPU
		{41FE6899-7408-424E-9D6B-4DED06FC0E40}.Debug|Any CPU.Build.0 = Debug|Any CPU
		{41FE6899-7408-424E-9D6B-4DED06FC0E40}.Release|Any CPU.ActiveCfg = Release|Any CPU
		{41FE6899-7408-424E-9D6B-4DED06FC0E40}.Release|Any CPU.Build.0 = Release|Any CPU
		{326CF9CF-7AAF-4D7E-8DB7-B0940462F337}.Debug|Any CPU.ActiveCfg = Debug|Any CPU
		{326CF9CF-7AAF-4D7E-8DB7-B0940462F337}.Debug|Any CPU.Build.0 = Debug|Any CPU
		{326CF9CF-7AAF-4D7E-8DB7-B0940462F337}.Release|Any CPU.ActiveCfg = Release|Any CPU
		{326CF9CF-7AAF-4D7E-8DB7-B0940462F337}.Release|Any CPU.Build.0 = Release|Any CPU
		{9BF3C875-4576-4C0E-BB1C-D6B845900BC3}.Debug|Any CPU.ActiveCfg = Debug|Any CPU
		{9BF3C875-4576-4C0E-BB1C-D6B845900BC3}.Debug|Any CPU.Build.0 = Debug|Any CPU
		{9BF3C875-4576-4C0E-BB1C-D6B845900BC3}.Release|Any CPU.ActiveCfg = Release|Any CPU
		{9BF3C875-4576-4C0E-BB1C-D6B845900BC3}.Release|Any CPU.Build.0 = Release|Any CPU
	EndGlobalSection
	GlobalSection(SolutionProperties) = preSolution
		HideSolutionNode = FALSE
	EndGlobalSection
	GlobalSection(NestedProjects) = preSolution
		{11BF05A7-1BA8-4EB2-8002-FA50935719B5} = {C49F2B9B-3F68-4FBB-B289-7CA042525A4B}
		{BA9FFA8F-60E5-45AC-AE98-6A189DCF7F93} = {D9D4253A-8C40-4171-95AB-6A4DDEE028FF}
		{2CA3F045-5734-4413-999D-A7C293C1FF8C} = {BA9FFA8F-60E5-45AC-AE98-6A189DCF7F93}
		{1698D77A-1A2C-4D5C-A233-DE07FC3EAC6A} = {D9D4253A-8C40-4171-95AB-6A4DDEE028FF}
		{6A8BC5BA-B505-4E15-9749-4C7361A9FD18} = {1698D77A-1A2C-4D5C-A233-DE07FC3EAC6A}
		{EAF2BF7E-994A-450B-A582-F805C2487102} = {D9D4253A-8C40-4171-95AB-6A4DDEE028FF}
		{DD61EA93-8BFC-48D9-8E6A-B572F4CA9CD5} = {EAF2BF7E-994A-450B-A582-F805C2487102}
		{D316D8FC-45B0-48B1-9C37-FF6C441C1FE3} = {BA9FFA8F-60E5-45AC-AE98-6A189DCF7F93}
		{E360B690-217A-40D9-B345-63B06D1D82A1} = {EAF2BF7E-994A-450B-A582-F805C2487102}
		{5F4A640D-7595-4EBF-88A6-5007E6D54D19} = {1698D77A-1A2C-4D5C-A233-DE07FC3EAC6A}
		{AF429945-FBC5-40A4-B90B-E7E156F24B40} = {1698D77A-1A2C-4D5C-A233-DE07FC3EAC6A}
		{F2ECC04D-D601-4D24-9CB9-AA0C9558F06B} = {EAF2BF7E-994A-450B-A582-F805C2487102}
		{ACF5FD99-7C1F-4780-86C0-B709E1F8C09F} = {BA9FFA8F-60E5-45AC-AE98-6A189DCF7F93}
		{0738B9E5-7D6A-481E-9951-FC250227C9D9} = {E92CA26A-FDF7-49DB-83F2-30273D332FAE}
		{6FCDB885-2E40-437F-BAF3-B404DA4717AB} = {2CA3F045-5734-4413-999D-A7C293C1FF8C}
		{7F9FC55B-14E6-4053-B632-C76C099C1D6A} = {ACF5FD99-7C1F-4780-86C0-B709E1F8C09F}
		{A8F3A7CD-8B77-43C9-A5A6-916CA63BFD96} = {D316D8FC-45B0-48B1-9C37-FF6C441C1FE3}
		{49AC722B-D598-4485-BC94-417302790064} = {BA9FFA8F-60E5-45AC-AE98-6A189DCF7F93}
		{3B5C0C96-36C3-4909-9EFB-64E05A56C58D} = {49AC722B-D598-4485-BC94-417302790064}
		{CDE19215-E673-4157-9BB0-82F3FFECFD6B} = {6A8BC5BA-B505-4E15-9749-4C7361A9FD18}
		{C7B7AB15-24B8-4D3D-BA3A-17DE4C1A44A2} = {5F4A640D-7595-4EBF-88A6-5007E6D54D19}
		{64EDA21A-92B1-480D-AB99-4A31BD2056EB} = {EAF2BF7E-994A-450B-A582-F805C2487102}
		{D03D0371-E22E-479C-908D-A2F017A454A1} = {64EDA21A-92B1-480D-AB99-4A31BD2056EB}
		{7906A9AC-AE81-4500-9BFA-39DE89538A9B} = {1698D77A-1A2C-4D5C-A233-DE07FC3EAC6A}
		{CDEF3294-6523-4110-B713-1D0591ED4C37} = {1698D77A-1A2C-4D5C-A233-DE07FC3EAC6A}
		{78CDC0CC-C8B9-4AB4-8D59-9B737FBA157F} = {CDEF3294-6523-4110-B713-1D0591ED4C37}
		{A2EC5F78-E305-4795-9223-634D2722BA8A} = {EAF2BF7E-994A-450B-A582-F805C2487102}
		{41FE6899-7408-424E-9D6B-4DED06FC0E40} = {A2EC5F78-E305-4795-9223-634D2722BA8A}
		{326CF9CF-7AAF-4D7E-8DB7-B0940462F337} = {CDEF3294-6523-4110-B713-1D0591ED4C37}
		{9BF3C875-4576-4C0E-BB1C-D6B845900BC3} = {DD61EA93-8BFC-48D9-8E6A-B572F4CA9CD5}
	EndGlobalSection
	GlobalSection(ExtensibilityGlobals) = postSolution
		SolutionGuid = {CFBD7940-8696-4F18-9AC6-54F720E7CE8E}
	EndGlobalSection
EndGlobal
