
Microsoft Visual Studio Solution File, Format Version 12.00
# Visual Studio Version 17
VisualStudioVersion = 17.0.31919.166
MinimumVisualStudioVersion = 10.0.40219.1
Project("{2150E333-8FDC-42A3-9474-1A3956D46DE8}") = "Presentation", "Presentation", "{C49F2B9B-3F68-4FBB-B289-7CA042525A4B}"
EndProject
Project("{9A19103F-16F7-4668-BE54-9A1E7A4F7556}") = "CurenncyExchange.MVC", "Presentation\CurenncyExchange.MVC\CurenncyExchange.MVC.csproj", "{11BF05A7-1BA8-4EB2-8002-FA50935719B5}"
EndProject
Project("{2150E333-8FDC-42A3-9474-1A3956D46DE8}") = "Domain", "Domain", "{E92CA26A-FDF7-49DB-83F2-30273D332FAE}"
EndProject
Project("{2150E333-8FDC-42A3-9474-1A3956D46DE8}") = "Microservices", "Microservices", "{D9D4253A-8C40-4171-95AB-6A4DDEE028FF}"
EndProject
Project("{2150E333-8FDC-42A3-9474-1A3956D46DE8}") = "transaction", "transaction", "{BA9FFA8F-60E5-45AC-AE98-6A189DCF7F93}"
EndProject
Project("{2150E333-8FDC-42A3-9474-1A3956D46DE8}") = "web.api", "web.api", "{2CA3F045-5734-4413-999D-A7C293C1FF8C}"
EndProject
Project("{2150E333-8FDC-42A3-9474-1A3956D46DE8}") = "notification", "notification", "{1698D77A-1A2C-4D5C-A233-DE07FC3EAC6A}"
EndProject
Project("{2150E333-8FDC-42A3-9474-1A3956D46DE8}") = "tracing", "tracing", "{EAF2BF7E-994A-450B-A582-F805C2487102}"
EndProject
Project("{2150E333-8FDC-42A3-9474-1A3956D46DE8}") = "infrastructure", "infrastructure", "{D316D8FC-45B0-48B1-9C37-FF6C441C1FE3}"
EndProject
Project("{2150E333-8FDC-42A3-9474-1A3956D46DE8}") = "infrastructure", "infrastructure", "{E360B690-217A-40D9-B345-63B06D1D82A1}"
EndProject
Project("{2150E333-8FDC-42A3-9474-1A3956D46DE8}") = "application", "application", "{5F4A640D-7595-4EBF-88A6-5007E6D54D19}"
EndProject
Project("{2150E333-8FDC-42A3-9474-1A3956D46DE8}") = "domain", "domain", "{AF429945-FBC5-40A4-B90B-E7E156F24B40}"
EndProject
Project("{2150E333-8FDC-42A3-9474-1A3956D46DE8}") = "domain", "domain", "{F2ECC04D-D601-4D24-9CB9-AA0C9558F06B}"
EndProject
Project("{2150E333-8FDC-42A3-9474-1A3956D46DE8}") = "domain", "domain", "{ACF5FD99-7C1F-4780-86C0-B709E1F8C09F}"
EndProject
Project("{9A19103F-16F7-4668-BE54-9A1E7A4F7556}") = "CurenncyExchange.Core", "Domain\CurenncyExchange.Core\CurenncyExchange.Core.csproj", "{0738B9E5-7D6A-481E-9951-FC250227C9D9}"
EndProject
Project("{9A19103F-16F7-4668-BE54-9A1E7A4F7556}") = "CurenncyExchange.TransactionCore", "Microservices\transaction\domain\CurenncyExchange.Core\CurenncyExchange.TransactionCore.csproj", "{7F9FC55B-14E6-4053-B632-C76C099C1D6A}"
EndProject
Project("{9A19103F-16F7-4668-BE54-9A1E7A4F7556}") = "CurenncyExchange.Transaction.Data", "Microservices\transaction\infrastructure\CurenncyExchange.Data\CurenncyExchange.Transaction.Data.csproj", "{A8F3A7CD-8B77-43C9-A5A6-916CA63BFD96}"
EndProject
Project("{2150E333-8FDC-42A3-9474-1A3956D46DE8}") = "application", "application", "{49AC722B-D598-4485-BC94-417302790064}"
EndProject
Project("{9A19103F-16F7-4668-BE54-9A1E7A4F7556}") = "CurenncyExchange.App", "Microservices\transaction\application\CurenncyExchange.App\CurenncyExchange.App.csproj", "{3B5C0C96-36C3-4909-9EFB-64E05A56C58D}"
EndProject
Project("{2150E333-8FDC-42A3-9474-1A3956D46DE8}") = "application", "application", "{64EDA21A-92B1-480D-AB99-4A31BD2056EB}"
EndProject
Project("{2150E333-8FDC-42A3-9474-1A3956D46DE8}") = "infrastructure", "infrastructure", "{7906A9AC-AE81-4500-9BFA-39DE89538A9B}"
EndProject
Project("{2150E333-8FDC-42A3-9474-1A3956D46DE8}") = "micrsoervices", "micrsoervices", "{CDEF3294-6523-4110-B713-1D0591ED4C37}"
EndProject
Project("{2150E333-8FDC-42A3-9474-1A3956D46DE8}") = "microservices", "microservices", "{A2EC5F78-E305-4795-9223-634D2722BA8A}"
EndProject
Project("{9A19103F-16F7-4668-BE54-9A1E7A4F7556}") = "CurenncyExchange.Transactions.Web.Api", "Microservices\transaction\web.api\CurenncyExchange.Transactions.Web.Api\CurenncyExchange.Transactions.Web.Api\CurenncyExchange.Transactions.Web.Api.csproj", "{9C467005-99C2-487C-887E-671A3ABE4ACC}"
EndProject
Project("{9A19103F-16F7-4668-BE54-9A1E7A4F7556}") = "CurenncyExchange.Notification.Core", "Microservices\notification\domain\CurenncyExchange.Core\CurenncyExchange.Notification.Core.csproj", "{06DDC649-EAD7-42B6-BCED-CAA71B2C3B58}"
EndProject
Project("{9A19103F-16F7-4668-BE54-9A1E7A4F7556}") = "CurenncyExchange.Notification.Data", "Microservices\notification\infrastructure\CurenncyExchange.Notification.Data\CurenncyExchange.Notification.Data.csproj", "{97A240A9-D931-498E-95A3-A3272AFC3146}"
EndProject
Project("{9A19103F-16F7-4668-BE54-9A1E7A4F7556}") = "CurenncyExchange.Web.Api.Notification", "Microservices\notification\aplication\CurenncyExchange.Web.Api.Notification\CurenncyExchange.Web.Api.Notification.csproj", "{B55EF60D-2DA9-405B-A19E-0903791F522B}"
EndProject
Project("{9A19103F-16F7-4668-BE54-9A1E7A4F7556}") = "CurenncyExchange.Notification.Email", "Microservices\notification\microservices\CurenncyExchange.Notification.Email\CurenncyExchange.Notification.Email.csproj", "{37F975CC-FD95-4D68-B871-FD105B4B94BD}"
EndProject
Project("{9A19103F-16F7-4668-BE54-9A1E7A4F7556}") = "CurenncyExchange.Notification.Sms", "Microservices\notification\microservices\CurenncyExchange.Notification.Sms\CurenncyExchange.Notification.Sms.csproj", "{F674B6C3-E2DC-4036-B983-BF16074D6E94}"
EndProject
Project("{2150E333-8FDC-42A3-9474-1A3956D46DE8}") = "Infrastructure", "Infrastructure", "{1B46926D-619D-438E-AC39-78D9C1B91C04}"
EndProject
Project("{FAE04EC0-301F-11D3-BF4B-00C04F79EFBC}") = "CurenncyExchange.Infrastructure.Bus", "Infrastructure\CurenncyExchange.Infrastructure.Bus\CurenncyExchange.Infrastructure.Bus.csproj", "{F9BB615A-EAF7-4341-9FEA-27CF22CCE320}"
EndProject
Global
	GlobalSection(SolutionConfigurationPlatforms) = preSolution
		Debug|Any CPU = Debug|Any CPU
		Release|Any CPU = Release|Any CPU
	EndGlobalSection
	GlobalSection(ProjectConfigurationPlatforms) = postSolution
		{11BF05A7-1BA8-4EB2-8002-FA50935719B5}.Debug|Any CPU.ActiveCfg = Debug|Any CPU
		{11BF05A7-1BA8-4EB2-8002-FA50935719B5}.Debug|Any CPU.Build.0 = Debug|Any CPU
		{11BF05A7-1BA8-4EB2-8002-FA50935719B5}.Release|Any CPU.ActiveCfg = Release|Any CPU
		{11BF05A7-1BA8-4EB2-8002-FA50935719B5}.Release|Any CPU.Build.0 = Release|Any CPU
		{0738B9E5-7D6A-481E-9951-FC250227C9D9}.Debug|Any CPU.ActiveCfg = Debug|Any CPU
		{0738B9E5-7D6A-481E-9951-FC250227C9D9}.Debug|Any CPU.Build.0 = Debug|Any CPU
		{0738B9E5-7D6A-481E-9951-FC250227C9D9}.Release|Any CPU.ActiveCfg = Release|Any CPU
		{0738B9E5-7D6A-481E-9951-FC250227C9D9}.Release|Any CPU.Build.0 = Release|Any CPU
		{7F9FC55B-14E6-4053-B632-C76C099C1D6A}.Debug|Any CPU.ActiveCfg = Debug|Any CPU
		{7F9FC55B-14E6-4053-B632-C76C099C1D6A}.Debug|Any CPU.Build.0 = Debug|Any CPU
		{7F9FC55B-14E6-4053-B632-C76C099C1D6A}.Release|Any CPU.ActiveCfg = Release|Any CPU
		{7F9FC55B-14E6-4053-B632-C76C099C1D6A}.Release|Any CPU.Build.0 = Release|Any CPU
		{A8F3A7CD-8B77-43C9-A5A6-916CA63BFD96}.Debug|Any CPU.ActiveCfg = Debug|Any CPU
		{A8F3A7CD-8B77-43C9-A5A6-916CA63BFD96}.Debug|Any CPU.Build.0 = Debug|Any CPU
		{A8F3A7CD-8B77-43C9-A5A6-916CA63BFD96}.Release|Any CPU.ActiveCfg = Release|Any CPU
		{A8F3A7CD-8B77-43C9-A5A6-916CA63BFD96}.Release|Any CPU.Build.0 = Release|Any CPU
		{3B5C0C96-36C3-4909-9EFB-64E05A56C58D}.Debug|Any CPU.ActiveCfg = Debug|Any CPU
		{3B5C0C96-36C3-4909-9EFB-64E05A56C58D}.Debug|Any CPU.Build.0 = Debug|Any CPU
		{3B5C0C96-36C3-4909-9EFB-64E05A56C58D}.Release|Any CPU.ActiveCfg = Release|Any CPU
		{3B5C0C96-36C3-4909-9EFB-64E05A56C58D}.Release|Any CPU.Build.0 = Release|Any CPU
		{9C467005-99C2-487C-887E-671A3ABE4ACC}.Debug|Any CPU.ActiveCfg = Debug|Any CPU
		{9C467005-99C2-487C-887E-671A3ABE4ACC}.Debug|Any CPU.Build.0 = Debug|Any CPU
		{9C467005-99C2-487C-887E-671A3ABE4ACC}.Release|Any CPU.ActiveCfg = Release|Any CPU
		{9C467005-99C2-487C-887E-671A3ABE4ACC}.Release|Any CPU.Build.0 = Release|Any CPU
		{06DDC649-EAD7-42B6-BCED-CAA71B2C3B58}.Debug|Any CPU.ActiveCfg = Debug|Any CPU
		{06DDC649-EAD7-42B6-BCED-CAA71B2C3B58}.Debug|Any CPU.Build.0 = Debug|Any CPU
		{06DDC649-EAD7-42B6-BCED-CAA71B2C3B58}.Release|Any CPU.ActiveCfg = Release|Any CPU
		{06DDC649-EAD7-42B6-BCED-CAA71B2C3B58}.Release|Any CPU.Build.0 = Release|Any CPU
		{97A240A9-D931-498E-95A3-A3272AFC3146}.Debug|Any CPU.ActiveCfg = Debug|Any CPU
		{97A240A9-D931-498E-95A3-A3272AFC3146}.Debug|Any CPU.Build.0 = Debug|Any CPU
		{97A240A9-D931-498E-95A3-A3272AFC3146}.Release|Any CPU.ActiveCfg = Release|Any CPU
		{97A240A9-D931-498E-95A3-A3272AFC3146}.Release|Any CPU.Build.0 = Release|Any CPU
		{B55EF60D-2DA9-405B-A19E-0903791F522B}.Debug|Any CPU.ActiveCfg = Debug|Any CPU
		{B55EF60D-2DA9-405B-A19E-0903791F522B}.Debug|Any CPU.Build.0 = Debug|Any CPU
		{B55EF60D-2DA9-405B-A19E-0903791F522B}.Release|Any CPU.ActiveCfg = Release|Any CPU
		{B55EF60D-2DA9-405B-A19E-0903791F522B}.Release|Any CPU.Build.0 = Release|Any CPU
		{37F975CC-FD95-4D68-B871-FD105B4B94BD}.Debug|Any CPU.ActiveCfg = Debug|Any CPU
		{37F975CC-FD95-4D68-B871-FD105B4B94BD}.Debug|Any CPU.Build.0 = Debug|Any CPU
		{37F975CC-FD95-4D68-B871-FD105B4B94BD}.Release|Any CPU.ActiveCfg = Release|Any CPU
		{37F975CC-FD95-4D68-B871-FD105B4B94BD}.Release|Any CPU.Build.0 = Release|Any CPU
		{F674B6C3-E2DC-4036-B983-BF16074D6E94}.Debug|Any CPU.ActiveCfg = Debug|Any CPU
		{F674B6C3-E2DC-4036-B983-BF16074D6E94}.Debug|Any CPU.Build.0 = Debug|Any CPU
		{F674B6C3-E2DC-4036-B983-BF16074D6E94}.Release|Any CPU.ActiveCfg = Release|Any CPU
		{F674B6C3-E2DC-4036-B983-BF16074D6E94}.Release|Any CPU.Build.0 = Release|Any CPU
		{F9BB615A-EAF7-4341-9FEA-27CF22CCE320}.Debug|Any CPU.ActiveCfg = Debug|Any CPU
		{F9BB615A-EAF7-4341-9FEA-27CF22CCE320}.Debug|Any CPU.Build.0 = Debug|Any CPU
		{F9BB615A-EAF7-4341-9FEA-27CF22CCE320}.Release|Any CPU.ActiveCfg = Release|Any CPU
		{F9BB615A-EAF7-4341-9FEA-27CF22CCE320}.Release|Any CPU.Build.0 = Release|Any CPU
	EndGlobalSection
	GlobalSection(SolutionProperties) = preSolution
		HideSolutionNode = FALSE
	EndGlobalSection
	GlobalSection(NestedProjects) = preSolution
		{11BF05A7-1BA8-4EB2-8002-FA50935719B5} = {C49F2B9B-3F68-4FBB-B289-7CA042525A4B}
		{BA9FFA8F-60E5-45AC-AE98-6A189DCF7F93} = {D9D4253A-8C40-4171-95AB-6A4DDEE028FF}
		{2CA3F045-5734-4413-999D-A7C293C1FF8C} = {BA9FFA8F-60E5-45AC-AE98-6A189DCF7F93}
		{1698D77A-1A2C-4D5C-A233-DE07FC3EAC6A} = {D9D4253A-8C40-4171-95AB-6A4DDEE028FF}
		{EAF2BF7E-994A-450B-A582-F805C2487102} = {D9D4253A-8C40-4171-95AB-6A4DDEE028FF}
		{D316D8FC-45B0-48B1-9C37-FF6C441C1FE3} = {BA9FFA8F-60E5-45AC-AE98-6A189DCF7F93}
		{E360B690-217A-40D9-B345-63B06D1D82A1} = {EAF2BF7E-994A-450B-A582-F805C2487102}
		{5F4A640D-7595-4EBF-88A6-5007E6D54D19} = {1698D77A-1A2C-4D5C-A233-DE07FC3EAC6A}
		{AF429945-FBC5-40A4-B90B-E7E156F24B40} = {1698D77A-1A2C-4D5C-A233-DE07FC3EAC6A}
		{F2ECC04D-D601-4D24-9CB9-AA0C9558F06B} = {EAF2BF7E-994A-450B-A582-F805C2487102}
		{ACF5FD99-7C1F-4780-86C0-B709E1F8C09F} = {BA9FFA8F-60E5-45AC-AE98-6A189DCF7F93}
		{0738B9E5-7D6A-481E-9951-FC250227C9D9} = {E92CA26A-FDF7-49DB-83F2-30273D332FAE}
		{7F9FC55B-14E6-4053-B632-C76C099C1D6A} = {ACF5FD99-7C1F-4780-86C0-B709E1F8C09F}
		{A8F3A7CD-8B77-43C9-A5A6-916CA63BFD96} = {D316D8FC-45B0-48B1-9C37-FF6C441C1FE3}
		{49AC722B-D598-4485-BC94-417302790064} = {BA9FFA8F-60E5-45AC-AE98-6A189DCF7F93}
		{3B5C0C96-36C3-4909-9EFB-64E05A56C58D} = {49AC722B-D598-4485-BC94-417302790064}
		{64EDA21A-92B1-480D-AB99-4A31BD2056EB} = {EAF2BF7E-994A-450B-A582-F805C2487102}
		{7906A9AC-AE81-4500-9BFA-39DE89538A9B} = {1698D77A-1A2C-4D5C-A233-DE07FC3EAC6A}
		{CDEF3294-6523-4110-B713-1D0591ED4C37} = {1698D77A-1A2C-4D5C-A233-DE07FC3EAC6A}
		{A2EC5F78-E305-4795-9223-634D2722BA8A} = {EAF2BF7E-994A-450B-A582-F805C2487102}
		{9C467005-99C2-487C-887E-671A3ABE4ACC} = {2CA3F045-5734-4413-999D-A7C293C1FF8C}
		{06DDC649-EAD7-42B6-BCED-CAA71B2C3B58} = {AF429945-FBC5-40A4-B90B-E7E156F24B40}
		{97A240A9-D931-498E-95A3-A3272AFC3146} = {7906A9AC-AE81-4500-9BFA-39DE89538A9B}
		{B55EF60D-2DA9-405B-A19E-0903791F522B} = {5F4A640D-7595-4EBF-88A6-5007E6D54D19}
		{37F975CC-FD95-4D68-B871-FD105B4B94BD} = {CDEF3294-6523-4110-B713-1D0591ED4C37}
		{F674B6C3-E2DC-4036-B983-BF16074D6E94} = {CDEF3294-6523-4110-B713-1D0591ED4C37}
		{F9BB615A-EAF7-4341-9FEA-27CF22CCE320} = {1B46926D-619D-438E-AC39-78D9C1B91C04}
	EndGlobalSection
	GlobalSection(ExtensibilityGlobals) = postSolution
		SolutionGuid = {CFBD7940-8696-4F18-9AC6-54F720E7CE8E}
	EndGlobalSection
EndGlobal
